
Microsoft Visual Studio Solution File, Format Version 12.00
# Visual Studio 2013
VisualStudioVersion = 12.0.21005.1
MinimumVisualStudioVersion = 10.0.40219.1
Project("{FAE04EC0-301F-11D3-BF4B-00C04F79EFBC}") = "EPriceProviderServices", "EPriceProviderServices\EPriceProviderServices.csproj", "{EAA701A2-CACC-4807-B0B4-823464E361B8}"
EndProject
Project("{FAE04EC0-301F-11D3-BF4B-00C04F79EFBC}") = "EPriceRequestServiceDBEngine", "EPriceRequestServiceDBEngine\EPriceRequestServiceDBEngine.csproj", "{CE73E5D9-CE70-44EC-B3B0-787F76CCDF05}"
EndProject
Project("{FAE04EC0-301F-11D3-BF4B-00C04F79EFBC}") = "EPriceViewer", "EPriceViewer\EPriceViewer.csproj", "{AC87C934-AF19-4C76-8871-BAC23E0EDA11}"
EndProject
Global
	GlobalSection(SolutionConfigurationPlatforms) = preSolution
		Debug|Any CPU = Debug|Any CPU
		Debug|x64 = Debug|x64
		Release|Any CPU = Release|Any CPU
		Release|x64 = Release|x64
	EndGlobalSection
	GlobalSection(ProjectConfigurationPlatforms) = postSolution
		{EAA701A2-CACC-4807-B0B4-823464E361B8}.Debug|Any CPU.ActiveCfg = Debug|Any CPU
		{EAA701A2-CACC-4807-B0B4-823464E361B8}.Debug|Any CPU.Build.0 = Debug|Any CPU
		{EAA701A2-CACC-4807-B0B4-823464E361B8}.Debug|x64.ActiveCfg = Debug|x64
		{EAA701A2-CACC-4807-B0B4-823464E361B8}.Debug|x64.Build.0 = Debug|x64
		{EAA701A2-CACC-4807-B0B4-823464E361B8}.Release|Any CPU.ActiveCfg = Release|Any CPU
		{EAA701A2-CACC-4807-B0B4-823464E361B8}.Release|Any CPU.Build.0 = Release|Any CPU
		{EAA701A2-CACC-4807-B0B4-823464E361B8}.Release|x64.ActiveCfg = Release|x64
		{EAA701A2-CACC-4807-B0B4-823464E361B8}.Release|x64.Build.0 = Release|x64
		{CE73E5D9-CE70-44EC-B3B0-787F76CCDF05}.Debug|Any CPU.ActiveCfg = Debug|Any CPU
		{CE73E5D9-CE70-44EC-B3B0-787F76CCDF05}.Debug|Any CPU.Build.0 = Debug|Any CPU
		{CE73E5D9-CE70-44EC-B3B0-787F76CCDF05}.Debug|x64.ActiveCfg = Debug|x64
		{CE73E5D9-CE70-44EC-B3B0-787F76CCDF05}.Debug|x64.Build.0 = Debug|x64
		{CE73E5D9-CE70-44EC-B3B0-787F76CCDF05}.Release|Any CPU.ActiveCfg = Release|Any CPU
		{CE73E5D9-CE70-44EC-B3B0-787F76CCDF05}.Release|Any CPU.Build.0 = Release|Any CPU
		{CE73E5D9-CE70-44EC-B3B0-787F76CCDF05}.Release|x64.ActiveCfg = Release|x64
		{CE73E5D9-CE70-44EC-B3B0-787F76CCDF05}.Release|x64.Build.0 = Release|x64
		{AC87C934-AF19-4C76-8871-BAC23E0EDA11}.Debug|Any CPU.ActiveCfg = Debug|Any CPU
		{AC87C934-AF19-4C76-8871-BAC23E0EDA11}.Debug|Any CPU.Build.0 = Debug|Any CPU
		{AC87C934-AF19-4C76-8871-BAC23E0EDA11}.Debug|x64.ActiveCfg = Debug|x64
		{AC87C934-AF19-4C76-8871-BAC23E0EDA11}.Debug|x64.Build.0 = Debug|x64
		{AC87C934-AF19-4C76-8871-BAC23E0EDA11}.Release|Any CPU.ActiveCfg = Release|Any CPU
		{AC87C934-AF19-4C76-8871-BAC23E0EDA11}.Release|Any CPU.Build.0 = Release|Any CPU
		{AC87C934-AF19-4C76-8871-BAC23E0EDA11}.Release|x64.ActiveCfg = Release|x64
		{AC87C934-AF19-4C76-8871-BAC23E0EDA11}.Release|x64.Build.0 = Release|x64
	EndGlobalSection
	GlobalSection(SolutionProperties) = preSolution
		HideSolutionNode = FALSE
	EndGlobalSection
EndGlobal
